// !$*UTF8*$!
{
	archiveVersion = 1;
	classes = {
	};
	objectVersion = 56;
	objects = {

/* Begin PBXBuildFile section */
		4C18BF172BFAB10F00A4F294 /* GoogleService-Info.plist in Resources */ = {isa = PBXBuildFile; fileRef = 4C18BF162BFAB10F00A4F294 /* GoogleService-Info.plist */; };
		4C18BF1B2BFAB22800A4F294 /* FirebaseAnalytics in Frameworks */ = {isa = PBXBuildFile; productRef = 4C18BF1A2BFAB22800A4F294 /* FirebaseAnalytics */; };
		4C18BF1D2BFAB22800A4F294 /* FirebaseAuth in Frameworks */ = {isa = PBXBuildFile; productRef = 4C18BF1C2BFAB22800A4F294 /* FirebaseAuth */; };
		4C18BF1F2BFAB22800A4F294 /* FirebaseCrashlytics in Frameworks */ = {isa = PBXBuildFile; productRef = 4C18BF1E2BFAB22800A4F294 /* FirebaseCrashlytics */; };
		4C18BF212BFAB22800A4F294 /* FirebaseFirestore in Frameworks */ = {isa = PBXBuildFile; productRef = 4C18BF202BFAB22800A4F294 /* FirebaseFirestore */; };
		4C18BF262BFD834C00A4F294 /* AuthManager.swift in Sources */ = {isa = PBXBuildFile; fileRef = 4C18BF252BFD834C00A4F294 /* AuthManager.swift */; };
		4C1E37432B9E8D7F0038E7DC /* JobHopperApp.swift in Sources */ = {isa = PBXBuildFile; fileRef = 4C1E37422B9E8D7F0038E7DC /* JobHopperApp.swift */; };
		4C1E37452B9E8D7F0038E7DC /* ContentView.swift in Sources */ = {isa = PBXBuildFile; fileRef = 4C1E37442B9E8D7F0038E7DC /* ContentView.swift */; };
		4C1E37472B9E8D800038E7DC /* Assets.xcassets in Resources */ = {isa = PBXBuildFile; fileRef = 4C1E37462B9E8D800038E7DC /* Assets.xcassets */; };
		4C1E374A2B9E8D800038E7DC /* Preview Assets.xcassets in Resources */ = {isa = PBXBuildFile; fileRef = 4C1E37492B9E8D800038E7DC /* Preview Assets.xcassets */; };
		4C1E37542B9E8D800038E7DC /* JobHopperTests.swift in Sources */ = {isa = PBXBuildFile; fileRef = 4C1E37532B9E8D800038E7DC /* JobHopperTests.swift */; };
		4C1E375E2B9E8D800038E7DC /* JobHopperUITests.swift in Sources */ = {isa = PBXBuildFile; fileRef = 4C1E375D2B9E8D800038E7DC /* JobHopperUITests.swift */; };
		4C1E37602B9E8D800038E7DC /* JobHopperUITestsLaunchTests.swift in Sources */ = {isa = PBXBuildFile; fileRef = 4C1E375F2B9E8D800038E7DC /* JobHopperUITestsLaunchTests.swift */; };
		4C1E376E2B9E94290038E7DC /* ListView.swift in Sources */ = {isa = PBXBuildFile; fileRef = 4C1E376D2B9E94290038E7DC /* ListView.swift */; };
		4C1E37702B9E948A0038E7DC /* HomeView.swift in Sources */ = {isa = PBXBuildFile; fileRef = 4C1E376F2B9E948A0038E7DC /* HomeView.swift */; };
		4C1E37722B9E949D0038E7DC /* AccountView.swift in Sources */ = {isa = PBXBuildFile; fileRef = 4C1E37712B9E949D0038E7DC /* AccountView.swift */; };
		4C4CA1432BC85D8700138E92 /* JobDetailView.swift in Sources */ = {isa = PBXBuildFile; fileRef = 4C4CA1422BC85D8700138E92 /* JobDetailView.swift */; };
		4C68B1BC2BD1EF87007844ED /* CooperHewitt-Heavy.otf in Resources */ = {isa = PBXBuildFile; fileRef = 4C964B562BAFB6D00036437A /* CooperHewitt-Heavy.otf */; };
		4C68B1C12BD1EF87007844ED /* CooperHewitt-Medium.otf in Resources */ = {isa = PBXBuildFile; fileRef = 4C964B4B2BAFB6D00036437A /* CooperHewitt-Medium.otf */; };
		4C68B1C22BD1EF87007844ED /* CooperHewitt-Light.otf in Resources */ = {isa = PBXBuildFile; fileRef = 4C964B552BAFB6D00036437A /* CooperHewitt-Light.otf */; };
		4C68B1C32BD1EF87007844ED /* CooperHewitt-Book.otf in Resources */ = {isa = PBXBuildFile; fileRef = 4C964B542BAFB6D00036437A /* CooperHewitt-Book.otf */; };
		4C68B1C62BD1EF87007844ED /* CooperHewitt-Thin.otf in Resources */ = {isa = PBXBuildFile; fileRef = 4C964B4C2BAFB6D00036437A /* CooperHewitt-Thin.otf */; };
		4C68B1D42BD1F658007844ED /* CooperHewitt-BoldItalic.otf in Resources */ = {isa = PBXBuildFile; fileRef = 4C68B1CB2BD1F658007844ED /* CooperHewitt-BoldItalic.otf */; };
		4C68B1D52BD1F658007844ED /* CooperHewitt-Bold.otf in Resources */ = {isa = PBXBuildFile; fileRef = 4C68B1CC2BD1F658007844ED /* CooperHewitt-Bold.otf */; };
		4C68B1D62BD1F658007844ED /* CooperHewitt-LightItalic.otf in Resources */ = {isa = PBXBuildFile; fileRef = 4C68B1CD2BD1F658007844ED /* CooperHewitt-LightItalic.otf */; };
		4C68B1D72BD1F658007844ED /* CooperHewitt-MediumItalic.otf in Resources */ = {isa = PBXBuildFile; fileRef = 4C68B1CE2BD1F658007844ED /* CooperHewitt-MediumItalic.otf */; };
		4C68B1D82BD1F658007844ED /* CooperHewitt-ThinItalic.otf in Resources */ = {isa = PBXBuildFile; fileRef = 4C68B1CF2BD1F658007844ED /* CooperHewitt-ThinItalic.otf */; };
		4C68B1D92BD1F658007844ED /* CooperHewitt-SemiboldItalic.otf in Resources */ = {isa = PBXBuildFile; fileRef = 4C68B1D02BD1F658007844ED /* CooperHewitt-SemiboldItalic.otf */; };
		4C68B1DA2BD1F658007844ED /* CooperHewitt-HeavyItalic.otf in Resources */ = {isa = PBXBuildFile; fileRef = 4C68B1D12BD1F658007844ED /* CooperHewitt-HeavyItalic.otf */; };
		4C68B1DB2BD1F658007844ED /* CooperHewitt-Semibold.otf in Resources */ = {isa = PBXBuildFile; fileRef = 4C68B1D22BD1F658007844ED /* CooperHewitt-Semibold.otf */; };
		4C68B1DC2BD1F658007844ED /* CooperHewitt-BookItalic.otf in Resources */ = {isa = PBXBuildFile; fileRef = 4C68B1D32BD1F658007844ED /* CooperHewitt-BookItalic.otf */; };
		4C964B492BAFB4520036437A /* Font+Extensions.swift in Sources */ = {isa = PBXBuildFile; fileRef = 4C964B482BAFB4520036437A /* Font+Extensions.swift */; };
		4CBD804D2BD2B7A20072EA1A /* ActivityComponent.swift in Sources */ = {isa = PBXBuildFile; fileRef = 4CBD804C2BD2B7A20072EA1A /* ActivityComponent.swift */; };
		4CBD804F2BD440F30072EA1A /* LogInView.swift in Sources */ = {isa = PBXBuildFile; fileRef = 4CBD804E2BD440F30072EA1A /* LogInView.swift */; };
		4CBD80512BD441040072EA1A /* TextFieldComponent.swift in Sources */ = {isa = PBXBuildFile; fileRef = 4CBD80502BD441040072EA1A /* TextFieldComponent.swift */; };
		4CBD80532BD452EC0072EA1A /* ButtonComponent.swift in Sources */ = {isa = PBXBuildFile; fileRef = 4CBD80522BD452EC0072EA1A /* ButtonComponent.swift */; };
		4CBD80552BD458730072EA1A /* SignUpView.swift in Sources */ = {isa = PBXBuildFile; fileRef = 4CBD80542BD458720072EA1A /* SignUpView.swift */; };
		4CE226ED2BAF8B61004172DF /* JobOpening.swift in Sources */ = {isa = PBXBuildFile; fileRef = 4CE226EC2BAF8B61004172DF /* JobOpening.swift */; };
		4CE226F02BAF8D5A004172DF /* JobCardComponent.swift in Sources */ = {isa = PBXBuildFile; fileRef = 4CE226EF2BAF8D5A004172DF /* JobCardComponent.swift */; };
		4CE226F22BAF8D7E004172DF /* ListViewModel.swift in Sources */ = {isa = PBXBuildFile; fileRef = 4CE226F12BAF8D7E004172DF /* ListViewModel.swift */; };
		4CE226F42BAF9488004172DF /* InterviewProcess.swift in Sources */ = {isa = PBXBuildFile; fileRef = 4CE226F32BAF9488004172DF /* InterviewProcess.swift */; };
		4CE226F62BAFA167004172DF /* Interview.swift in Sources */ = {isa = PBXBuildFile; fileRef = 4CE226F52BAFA167004172DF /* Interview.swift */; };
/* End PBXBuildFile section */

/* Begin PBXContainerItemProxy section */
		4C1E37502B9E8D800038E7DC /* PBXContainerItemProxy */ = {
			isa = PBXContainerItemProxy;
			containerPortal = 4C1E37372B9E8D7F0038E7DC /* Project object */;
			proxyType = 1;
			remoteGlobalIDString = 4C1E373E2B9E8D7F0038E7DC;
			remoteInfo = JobHopper;
		};
		4C1E375A2B9E8D800038E7DC /* PBXContainerItemProxy */ = {
			isa = PBXContainerItemProxy;
			containerPortal = 4C1E37372B9E8D7F0038E7DC /* Project object */;
			proxyType = 1;
			remoteGlobalIDString = 4C1E373E2B9E8D7F0038E7DC;
			remoteInfo = JobHopper;
		};
/* End PBXContainerItemProxy section */

/* Begin PBXFileReference section */
		4C18BF162BFAB10F00A4F294 /* GoogleService-Info.plist */ = {isa = PBXFileReference; fileEncoding = 4; lastKnownFileType = text.plist.xml; name = "GoogleService-Info.plist"; path = "../../../Downloads/GoogleService-Info.plist"; sourceTree = "<group>"; };
		4C18BF252BFD834C00A4F294 /* AuthManager.swift */ = {isa = PBXFileReference; lastKnownFileType = sourcecode.swift; path = AuthManager.swift; sourceTree = "<group>"; };
		4C1E373F2B9E8D7F0038E7DC /* JobHoppr.app */ = {isa = PBXFileReference; explicitFileType = wrapper.application; includeInIndex = 0; path = JobHoppr.app; sourceTree = BUILT_PRODUCTS_DIR; };
		4C1E37422B9E8D7F0038E7DC /* JobHopperApp.swift */ = {isa = PBXFileReference; lastKnownFileType = sourcecode.swift; path = JobHopperApp.swift; sourceTree = "<group>"; };
		4C1E37442B9E8D7F0038E7DC /* ContentView.swift */ = {isa = PBXFileReference; lastKnownFileType = sourcecode.swift; path = ContentView.swift; sourceTree = "<group>"; };
		4C1E37462B9E8D800038E7DC /* Assets.xcassets */ = {isa = PBXFileReference; lastKnownFileType = folder.assetcatalog; path = Assets.xcassets; sourceTree = "<group>"; };
		4C1E37492B9E8D800038E7DC /* Preview Assets.xcassets */ = {isa = PBXFileReference; lastKnownFileType = folder.assetcatalog; path = "Preview Assets.xcassets"; sourceTree = "<group>"; };
		4C1E374F2B9E8D800038E7DC /* JobHopprTests.xctest */ = {isa = PBXFileReference; explicitFileType = wrapper.cfbundle; includeInIndex = 0; path = JobHopprTests.xctest; sourceTree = BUILT_PRODUCTS_DIR; };
		4C1E37532B9E8D800038E7DC /* JobHopperTests.swift */ = {isa = PBXFileReference; lastKnownFileType = sourcecode.swift; path = JobHopperTests.swift; sourceTree = "<group>"; };
		4C1E37592B9E8D800038E7DC /* JobHopprUITests.xctest */ = {isa = PBXFileReference; explicitFileType = wrapper.cfbundle; includeInIndex = 0; path = JobHopprUITests.xctest; sourceTree = BUILT_PRODUCTS_DIR; };
		4C1E375D2B9E8D800038E7DC /* JobHopperUITests.swift */ = {isa = PBXFileReference; lastKnownFileType = sourcecode.swift; path = JobHopperUITests.swift; sourceTree = "<group>"; };
		4C1E375F2B9E8D800038E7DC /* JobHopperUITestsLaunchTests.swift */ = {isa = PBXFileReference; lastKnownFileType = sourcecode.swift; path = JobHopperUITestsLaunchTests.swift; sourceTree = "<group>"; };
		4C1E376D2B9E94290038E7DC /* ListView.swift */ = {isa = PBXFileReference; lastKnownFileType = sourcecode.swift; path = ListView.swift; sourceTree = "<group>"; };
		4C1E376F2B9E948A0038E7DC /* HomeView.swift */ = {isa = PBXFileReference; lastKnownFileType = sourcecode.swift; path = HomeView.swift; sourceTree = "<group>"; };
		4C1E37712B9E949D0038E7DC /* AccountView.swift */ = {isa = PBXFileReference; lastKnownFileType = sourcecode.swift; path = AccountView.swift; sourceTree = "<group>"; };
		4C4CA1422BC85D8700138E92 /* JobDetailView.swift */ = {isa = PBXFileReference; lastKnownFileType = sourcecode.swift; path = JobDetailView.swift; sourceTree = "<group>"; };
		4C68B1CB2BD1F658007844ED /* CooperHewitt-BoldItalic.otf */ = {isa = PBXFileReference; lastKnownFileType = file; name = "CooperHewitt-BoldItalic.otf"; path = "../../../../.Trash/CooperHewitt-BoldItalic.otf"; sourceTree = "<group>"; };
		4C68B1CC2BD1F658007844ED /* CooperHewitt-Bold.otf */ = {isa = PBXFileReference; lastKnownFileType = file; name = "CooperHewitt-Bold.otf"; path = "../../../../.Trash/CooperHewitt-Bold.otf"; sourceTree = "<group>"; };
		4C68B1CD2BD1F658007844ED /* CooperHewitt-LightItalic.otf */ = {isa = PBXFileReference; lastKnownFileType = file; name = "CooperHewitt-LightItalic.otf"; path = "../../../../.Trash/CooperHewitt-LightItalic.otf"; sourceTree = "<group>"; };
		4C68B1CE2BD1F658007844ED /* CooperHewitt-MediumItalic.otf */ = {isa = PBXFileReference; lastKnownFileType = file; name = "CooperHewitt-MediumItalic.otf"; path = "../../../../.Trash/CooperHewitt-MediumItalic.otf"; sourceTree = "<group>"; };
		4C68B1CF2BD1F658007844ED /* CooperHewitt-ThinItalic.otf */ = {isa = PBXFileReference; lastKnownFileType = file; name = "CooperHewitt-ThinItalic.otf"; path = "../../../../.Trash/CooperHewitt-ThinItalic.otf"; sourceTree = "<group>"; };
		4C68B1D02BD1F658007844ED /* CooperHewitt-SemiboldItalic.otf */ = {isa = PBXFileReference; lastKnownFileType = file; name = "CooperHewitt-SemiboldItalic.otf"; path = "../../../../.Trash/CooperHewitt-SemiboldItalic.otf"; sourceTree = "<group>"; };
		4C68B1D12BD1F658007844ED /* CooperHewitt-HeavyItalic.otf */ = {isa = PBXFileReference; lastKnownFileType = file; name = "CooperHewitt-HeavyItalic.otf"; path = "../../../../.Trash/CooperHewitt-HeavyItalic.otf"; sourceTree = "<group>"; };
		4C68B1D22BD1F658007844ED /* CooperHewitt-Semibold.otf */ = {isa = PBXFileReference; lastKnownFileType = file; name = "CooperHewitt-Semibold.otf"; path = "../../../../.Trash/CooperHewitt-Semibold.otf"; sourceTree = "<group>"; };
		4C68B1D32BD1F658007844ED /* CooperHewitt-BookItalic.otf */ = {isa = PBXFileReference; lastKnownFileType = file; name = "CooperHewitt-BookItalic.otf"; path = "../../../../.Trash/CooperHewitt-BookItalic.otf"; sourceTree = "<group>"; };
		4C964B482BAFB4520036437A /* Font+Extensions.swift */ = {isa = PBXFileReference; lastKnownFileType = sourcecode.swift; path = "Font+Extensions.swift"; sourceTree = "<group>"; };
		4C964B4A2BAFB5DF0036437A /* Info.plist */ = {isa = PBXFileReference; lastKnownFileType = text.plist; path = Info.plist; sourceTree = "<group>"; };
		4C964B4B2BAFB6D00036437A /* CooperHewitt-Medium.otf */ = {isa = PBXFileReference; lastKnownFileType = file; path = "CooperHewitt-Medium.otf"; sourceTree = "<group>"; };
		4C964B4C2BAFB6D00036437A /* CooperHewitt-Thin.otf */ = {isa = PBXFileReference; lastKnownFileType = file; path = "CooperHewitt-Thin.otf"; sourceTree = "<group>"; };
		4C964B512BAFB6D00036437A /* SIL Open Font License.txt */ = {isa = PBXFileReference; lastKnownFileType = text; path = "SIL Open Font License.txt"; sourceTree = "<group>"; };
		4C964B542BAFB6D00036437A /* CooperHewitt-Book.otf */ = {isa = PBXFileReference; lastKnownFileType = file; path = "CooperHewitt-Book.otf"; sourceTree = "<group>"; };
		4C964B552BAFB6D00036437A /* CooperHewitt-Light.otf */ = {isa = PBXFileReference; lastKnownFileType = file; path = "CooperHewitt-Light.otf"; sourceTree = "<group>"; };
		4C964B562BAFB6D00036437A /* CooperHewitt-Heavy.otf */ = {isa = PBXFileReference; lastKnownFileType = file; path = "CooperHewitt-Heavy.otf"; sourceTree = "<group>"; };
		4CBD804C2BD2B7A20072EA1A /* ActivityComponent.swift */ = {isa = PBXFileReference; lastKnownFileType = sourcecode.swift; path = ActivityComponent.swift; sourceTree = "<group>"; };
		4CBD804E2BD440F30072EA1A /* LogInView.swift */ = {isa = PBXFileReference; lastKnownFileType = sourcecode.swift; path = LogInView.swift; sourceTree = "<group>"; };
		4CBD80502BD441040072EA1A /* TextFieldComponent.swift */ = {isa = PBXFileReference; lastKnownFileType = sourcecode.swift; path = TextFieldComponent.swift; sourceTree = "<group>"; };
		4CBD80522BD452EC0072EA1A /* ButtonComponent.swift */ = {isa = PBXFileReference; lastKnownFileType = sourcecode.swift; path = ButtonComponent.swift; sourceTree = "<group>"; };
		4CBD80542BD458720072EA1A /* SignUpView.swift */ = {isa = PBXFileReference; lastKnownFileType = sourcecode.swift; path = SignUpView.swift; sourceTree = "<group>"; };
		4CE226EC2BAF8B61004172DF /* JobOpening.swift */ = {isa = PBXFileReference; lastKnownFileType = sourcecode.swift; path = JobOpening.swift; sourceTree = "<group>"; };
		4CE226EF2BAF8D5A004172DF /* JobCardComponent.swift */ = {isa = PBXFileReference; lastKnownFileType = sourcecode.swift; path = JobCardComponent.swift; sourceTree = "<group>"; };
		4CE226F12BAF8D7E004172DF /* ListViewModel.swift */ = {isa = PBXFileReference; lastKnownFileType = sourcecode.swift; path = ListViewModel.swift; sourceTree = "<group>"; };
		4CE226F32BAF9488004172DF /* InterviewProcess.swift */ = {isa = PBXFileReference; lastKnownFileType = sourcecode.swift; path = InterviewProcess.swift; sourceTree = "<group>"; };
		4CE226F52BAFA167004172DF /* Interview.swift */ = {isa = PBXFileReference; lastKnownFileType = sourcecode.swift; path = Interview.swift; sourceTree = "<group>"; };
/* End PBXFileReference section */

/* Begin PBXFrameworksBuildPhase section */
		4C1E373C2B9E8D7F0038E7DC /* Frameworks */ = {
			isa = PBXFrameworksBuildPhase;
			buildActionMask = 2147483647;
			files = (
				4C18BF1F2BFAB22800A4F294 /* FirebaseCrashlytics in Frameworks */,
				4C18BF212BFAB22800A4F294 /* FirebaseFirestore in Frameworks */,
				4C18BF1B2BFAB22800A4F294 /* FirebaseAnalytics in Frameworks */,
				4C18BF1D2BFAB22800A4F294 /* FirebaseAuth in Frameworks */,
			);
			runOnlyForDeploymentPostprocessing = 0;
		};
		4C1E374C2B9E8D800038E7DC /* Frameworks */ = {
			isa = PBXFrameworksBuildPhase;
			buildActionMask = 2147483647;
			files = (
			);
			runOnlyForDeploymentPostprocessing = 0;
		};
		4C1E37562B9E8D800038E7DC /* Frameworks */ = {
			isa = PBXFrameworksBuildPhase;
			buildActionMask = 2147483647;
			files = (
			);
			runOnlyForDeploymentPostprocessing = 0;
		};
/* End PBXFrameworksBuildPhase section */

/* Begin PBXGroup section */
		4C18BF182BFAB12600A4F294 /* Resources */ = {
			isa = PBXGroup;
			children = (
				4C1E37462B9E8D800038E7DC /* Assets.xcassets */,
			);
			path = Resources;
			sourceTree = "<group>";
		};
		4C18BF222BFAB47600A4F294 /* Login */ = {
			isa = PBXGroup;
			children = (
				4CBD804E2BD440F30072EA1A /* LogInView.swift */,
			);
			path = Login;
			sourceTree = "<group>";
		};
		4C18BF232BFAB48C00A4F294 /* SignUp */ = {
			isa = PBXGroup;
			children = (
				4CBD80542BD458720072EA1A /* SignUpView.swift */,
			);
			path = SignUp;
			sourceTree = "<group>";
		};
		4C18BF242BFD833800A4F294 /* Authentication */ = {
			isa = PBXGroup;
			children = (
				4C18BF252BFD834C00A4F294 /* AuthManager.swift */,
			);
			path = Authentication;
			sourceTree = "<group>";
		};
		4C1E37362B9E8D7F0038E7DC = {
			isa = PBXGroup;
			children = (
				4C1E37412B9E8D7F0038E7DC /* JobHoppr */,
				4C1E37522B9E8D800038E7DC /* JobHopprTests */,
				4C1E375C2B9E8D800038E7DC /* JobHopprUITests */,
				4C1E37402B9E8D7F0038E7DC /* Products */,
			);
			sourceTree = "<group>";
		};
		4C1E37402B9E8D7F0038E7DC /* Products */ = {
			isa = PBXGroup;
			children = (
				4C1E373F2B9E8D7F0038E7DC /* JobHoppr.app */,
				4C1E374F2B9E8D800038E7DC /* JobHopprTests.xctest */,
				4C1E37592B9E8D800038E7DC /* JobHopprUITests.xctest */,
			);
			name = Products;
			sourceTree = "<group>";
		};
		4C1E37412B9E8D7F0038E7DC /* JobHoppr */ = {
			isa = PBXGroup;
			children = (
				4C1E37422B9E8D7F0038E7DC /* JobHopperApp.swift */,
				4C1E37442B9E8D7F0038E7DC /* ContentView.swift */,
				4C18BF242BFD833800A4F294 /* Authentication */,
				4CE226EB2BAF8B0F004172DF /* Models */,
				4C1E376C2B9E905E0038E7DC /* Views */,
				4CE226EA2BAF87D9004172DF /* ViewModels */,
				4CE226EE2BAF8D40004172DF /* Components */,
				4C68B1CA2BD1F177007844ED /* Extensions */,
				4C964B262BAFB2E60036437A /* Fonts */,
				4C1E37482B9E8D800038E7DC /* Preview Content */,
				4C18BF182BFAB12600A4F294 /* Resources */,
				4C18BF162BFAB10F00A4F294 /* GoogleService-Info.plist */,
				4C964B4A2BAFB5DF0036437A /* Info.plist */,
			);
			path = JobHoppr;
			sourceTree = "<group>";
		};
		4C1E37482B9E8D800038E7DC /* Preview Content */ = {
			isa = PBXGroup;
			children = (
				4C1E37492B9E8D800038E7DC /* Preview Assets.xcassets */,
			);
			path = "Preview Content";
			sourceTree = "<group>";
		};
		4C1E37522B9E8D800038E7DC /* JobHopprTests */ = {
			isa = PBXGroup;
			children = (
				4C1E37532B9E8D800038E7DC /* JobHopperTests.swift */,
			);
			path = JobHopprTests;
			sourceTree = "<group>";
		};
		4C1E375C2B9E8D800038E7DC /* JobHopprUITests */ = {
			isa = PBXGroup;
			children = (
				4C1E375D2B9E8D800038E7DC /* JobHopperUITests.swift */,
				4C1E375F2B9E8D800038E7DC /* JobHopperUITestsLaunchTests.swift */,
			);
			path = JobHopprUITests;
			sourceTree = "<group>";
		};
		4C1E376C2B9E905E0038E7DC /* Views */ = {
			isa = PBXGroup;
			children = (
				4C18BF232BFAB48C00A4F294 /* SignUp */,
				4C18BF222BFAB47600A4F294 /* Login */,
				4C1E376D2B9E94290038E7DC /* ListView.swift */,
				4C1E376F2B9E948A0038E7DC /* HomeView.swift */,
				4C1E37712B9E949D0038E7DC /* AccountView.swift */,
				4C4CA1422BC85D8700138E92 /* JobDetailView.swift */,
			);
			path = Views;
			sourceTree = "<group>";
		};
		4C68B1CA2BD1F177007844ED /* Extensions */ = {
			isa = PBXGroup;
			children = (
				4C964B482BAFB4520036437A /* Font+Extensions.swift */,
			);
			path = Extensions;
			sourceTree = "<group>";
		};
		4C964B262BAFB2E60036437A /* Fonts */ = {
			isa = PBXGroup;
			children = (
				4C964B4C2BAFB6D00036437A /* CooperHewitt-Thin.otf */,
				4C964B542BAFB6D00036437A /* CooperHewitt-Book.otf */,
				4C964B4B2BAFB6D00036437A /* CooperHewitt-Medium.otf */,
				4C68B1CC2BD1F658007844ED /* CooperHewitt-Bold.otf */,
				4C68B1CB2BD1F658007844ED /* CooperHewitt-BoldItalic.otf */,
				4C68B1D32BD1F658007844ED /* CooperHewitt-BookItalic.otf */,
				4C68B1D12BD1F658007844ED /* CooperHewitt-HeavyItalic.otf */,
				4C68B1CD2BD1F658007844ED /* CooperHewitt-LightItalic.otf */,
				4C68B1CE2BD1F658007844ED /* CooperHewitt-MediumItalic.otf */,
				4C68B1D22BD1F658007844ED /* CooperHewitt-Semibold.otf */,
				4C68B1D02BD1F658007844ED /* CooperHewitt-SemiboldItalic.otf */,
				4C68B1CF2BD1F658007844ED /* CooperHewitt-ThinItalic.otf */,
				4C964B562BAFB6D00036437A /* CooperHewitt-Heavy.otf */,
				4C964B552BAFB6D00036437A /* CooperHewitt-Light.otf */,
				4C964B512BAFB6D00036437A /* SIL Open Font License.txt */,
			);
			path = Fonts;
			sourceTree = "<group>";
		};
		4CE226EA2BAF87D9004172DF /* ViewModels */ = {
			isa = PBXGroup;
			children = (
				4CE226F12BAF8D7E004172DF /* ListViewModel.swift */,
			);
			path = ViewModels;
			sourceTree = "<group>";
		};
		4CE226EB2BAF8B0F004172DF /* Models */ = {
			isa = PBXGroup;
			children = (
				4CE226EC2BAF8B61004172DF /* JobOpening.swift */,
				4CE226F32BAF9488004172DF /* InterviewProcess.swift */,
				4CE226F52BAFA167004172DF /* Interview.swift */,
			);
			path = Models;
			sourceTree = "<group>";
		};
		4CE226EE2BAF8D40004172DF /* Components */ = {
			isa = PBXGroup;
			children = (
				4CE226EF2BAF8D5A004172DF /* JobCardComponent.swift */,
				4CBD804C2BD2B7A20072EA1A /* ActivityComponent.swift */,
				4CBD80502BD441040072EA1A /* TextFieldComponent.swift */,
				4CBD80522BD452EC0072EA1A /* ButtonComponent.swift */,
			);
			path = Components;
			sourceTree = "<group>";
		};
/* End PBXGroup section */

/* Begin PBXNativeTarget section */
		4C1E373E2B9E8D7F0038E7DC /* JobHoppr */ = {
			isa = PBXNativeTarget;
			buildConfigurationList = 4C1E37632B9E8D800038E7DC /* Build configuration list for PBXNativeTarget "JobHoppr" */;
			buildPhases = (
				4C1E373B2B9E8D7F0038E7DC /* Sources */,
				4C1E373C2B9E8D7F0038E7DC /* Frameworks */,
				4C1E373D2B9E8D7F0038E7DC /* Resources */,
			);
			buildRules = (
			);
			dependencies = (
			);
			name = JobHoppr;
			packageProductDependencies = (
				4C18BF1A2BFAB22800A4F294 /* FirebaseAnalytics */,
				4C18BF1C2BFAB22800A4F294 /* FirebaseAuth */,
				4C18BF1E2BFAB22800A4F294 /* FirebaseCrashlytics */,
				4C18BF202BFAB22800A4F294 /* FirebaseFirestore */,
			);
			productName = JobHopper;
			productReference = 4C1E373F2B9E8D7F0038E7DC /* JobHoppr.app */;
			productType = "com.apple.product-type.application";
		};
		4C1E374E2B9E8D800038E7DC /* JobHopprTests */ = {
			isa = PBXNativeTarget;
			buildConfigurationList = 4C1E37662B9E8D800038E7DC /* Build configuration list for PBXNativeTarget "JobHopprTests" */;
			buildPhases = (
				4C1E374B2B9E8D800038E7DC /* Sources */,
				4C1E374C2B9E8D800038E7DC /* Frameworks */,
				4C1E374D2B9E8D800038E7DC /* Resources */,
			);
			buildRules = (
			);
			dependencies = (
				4C1E37512B9E8D800038E7DC /* PBXTargetDependency */,
			);
			name = JobHopprTests;
			productName = JobHopperTests;
			productReference = 4C1E374F2B9E8D800038E7DC /* JobHopprTests.xctest */;
			productType = "com.apple.product-type.bundle.unit-test";
		};
		4C1E37582B9E8D800038E7DC /* JobHopprUITests */ = {
			isa = PBXNativeTarget;
			buildConfigurationList = 4C1E37692B9E8D800038E7DC /* Build configuration list for PBXNativeTarget "JobHopprUITests" */;
			buildPhases = (
				4C1E37552B9E8D800038E7DC /* Sources */,
				4C1E37562B9E8D800038E7DC /* Frameworks */,
				4C1E37572B9E8D800038E7DC /* Resources */,
			);
			buildRules = (
			);
			dependencies = (
				4C1E375B2B9E8D800038E7DC /* PBXTargetDependency */,
			);
			name = JobHopprUITests;
			productName = JobHopperUITests;
			productReference = 4C1E37592B9E8D800038E7DC /* JobHopprUITests.xctest */;
			productType = "com.apple.product-type.bundle.ui-testing";
		};
/* End PBXNativeTarget section */

/* Begin PBXProject section */
		4C1E37372B9E8D7F0038E7DC /* Project object */ = {
			isa = PBXProject;
			attributes = {
				BuildIndependentTargetsInParallel = 1;
				LastSwiftUpdateCheck = 1500;
				LastUpgradeCheck = 1500;
				TargetAttributes = {
					4C1E373E2B9E8D7F0038E7DC = {
						CreatedOnToolsVersion = 15.0.1;
					};
					4C1E374E2B9E8D800038E7DC = {
						CreatedOnToolsVersion = 15.0.1;
						TestTargetID = 4C1E373E2B9E8D7F0038E7DC;
					};
					4C1E37582B9E8D800038E7DC = {
						CreatedOnToolsVersion = 15.0.1;
						TestTargetID = 4C1E373E2B9E8D7F0038E7DC;
					};
				};
			};
			buildConfigurationList = 4C1E373A2B9E8D7F0038E7DC /* Build configuration list for PBXProject "JobHoppr" */;
			compatibilityVersion = "Xcode 14.0";
			developmentRegion = en;
			hasScannedForEncodings = 0;
			knownRegions = (
				en,
				Base,
			);
			mainGroup = 4C1E37362B9E8D7F0038E7DC;
			packageReferences = (
				4C18BF192BFAB22800A4F294 /* XCRemoteSwiftPackageReference "firebase-ios-sdk" */,
			);
			productRefGroup = 4C1E37402B9E8D7F0038E7DC /* Products */;
			projectDirPath = "";
			projectRoot = "";
			targets = (
				4C1E373E2B9E8D7F0038E7DC /* JobHoppr */,
				4C1E374E2B9E8D800038E7DC /* JobHopprTests */,
				4C1E37582B9E8D800038E7DC /* JobHopprUITests */,
			);
		};
/* End PBXProject section */

/* Begin PBXResourcesBuildPhase section */
		4C1E373D2B9E8D7F0038E7DC /* Resources */ = {
			isa = PBXResourcesBuildPhase;
			buildActionMask = 2147483647;
			files = (
				4C1E374A2B9E8D800038E7DC /* Preview Assets.xcassets in Resources */,
				4C68B1D62BD1F658007844ED /* CooperHewitt-LightItalic.otf in Resources */,
				4C68B1C12BD1EF87007844ED /* CooperHewitt-Medium.otf in Resources */,
				4C68B1D72BD1F658007844ED /* CooperHewitt-MediumItalic.otf in Resources */,
				4C68B1BC2BD1EF87007844ED /* CooperHewitt-Heavy.otf in Resources */,
				4C68B1D42BD1F658007844ED /* CooperHewitt-BoldItalic.otf in Resources */,
				4C68B1D52BD1F658007844ED /* CooperHewitt-Bold.otf in Resources */,
				4C1E37472B9E8D800038E7DC /* Assets.xcassets in Resources */,
				4C68B1C62BD1EF87007844ED /* CooperHewitt-Thin.otf in Resources */,
				4C68B1D92BD1F658007844ED /* CooperHewitt-SemiboldItalic.otf in Resources */,
				4C68B1DA2BD1F658007844ED /* CooperHewitt-HeavyItalic.otf in Resources */,
				4C68B1DB2BD1F658007844ED /* CooperHewitt-Semibold.otf in Resources */,
				4C18BF172BFAB10F00A4F294 /* GoogleService-Info.plist in Resources */,
				4C68B1D82BD1F658007844ED /* CooperHewitt-ThinItalic.otf in Resources */,
				4C68B1DC2BD1F658007844ED /* CooperHewitt-BookItalic.otf in Resources */,
				4C68B1C22BD1EF87007844ED /* CooperHewitt-Light.otf in Resources */,
				4C68B1C32BD1EF87007844ED /* CooperHewitt-Book.otf in Resources */,
			);
			runOnlyForDeploymentPostprocessing = 0;
		};
		4C1E374D2B9E8D800038E7DC /* Resources */ = {
			isa = PBXResourcesBuildPhase;
			buildActionMask = 2147483647;
			files = (
			);
			runOnlyForDeploymentPostprocessing = 0;
		};
		4C1E37572B9E8D800038E7DC /* Resources */ = {
			isa = PBXResourcesBuildPhase;
			buildActionMask = 2147483647;
			files = (
			);
			runOnlyForDeploymentPostprocessing = 0;
		};
/* End PBXResourcesBuildPhase section */

/* Begin PBXSourcesBuildPhase section */
		4C1E373B2B9E8D7F0038E7DC /* Sources */ = {
			isa = PBXSourcesBuildPhase;
			buildActionMask = 2147483647;
			files = (
				4CE226ED2BAF8B61004172DF /* JobOpening.swift in Sources */,
				4C18BF262BFD834C00A4F294 /* AuthManager.swift in Sources */,
				4C1E37452B9E8D7F0038E7DC /* ContentView.swift in Sources */,
				4C964B492BAFB4520036437A /* Font+Extensions.swift in Sources */,
				4CBD804D2BD2B7A20072EA1A /* ActivityComponent.swift in Sources */,
				4C4CA1432BC85D8700138E92 /* JobDetailView.swift in Sources */,
				4C1E37702B9E948A0038E7DC /* HomeView.swift in Sources */,
				4C1E37722B9E949D0038E7DC /* AccountView.swift in Sources */,
				4C1E37432B9E8D7F0038E7DC /* JobHopperApp.swift in Sources */,
				4CBD804F2BD440F30072EA1A /* LogInView.swift in Sources */,
				4CE226F42BAF9488004172DF /* InterviewProcess.swift in Sources */,
				4C1E376E2B9E94290038E7DC /* ListView.swift in Sources */,
				4CE226F22BAF8D7E004172DF /* ListViewModel.swift in Sources */,
				4CBD80552BD458730072EA1A /* SignUpView.swift in Sources */,
				4CE226F02BAF8D5A004172DF /* JobCardComponent.swift in Sources */,
				4CBD80512BD441040072EA1A /* TextFieldComponent.swift in Sources */,
				4CE226F62BAFA167004172DF /* Interview.swift in Sources */,
				4CBD80532BD452EC0072EA1A /* ButtonComponent.swift in Sources */,
			);
			runOnlyForDeploymentPostprocessing = 0;
		};
		4C1E374B2B9E8D800038E7DC /* Sources */ = {
			isa = PBXSourcesBuildPhase;
			buildActionMask = 2147483647;
			files = (
				4C1E37542B9E8D800038E7DC /* JobHopperTests.swift in Sources */,
			);
			runOnlyForDeploymentPostprocessing = 0;
		};
		4C1E37552B9E8D800038E7DC /* Sources */ = {
			isa = PBXSourcesBuildPhase;
			buildActionMask = 2147483647;
			files = (
				4C1E37602B9E8D800038E7DC /* JobHopperUITestsLaunchTests.swift in Sources */,
				4C1E375E2B9E8D800038E7DC /* JobHopperUITests.swift in Sources */,
			);
			runOnlyForDeploymentPostprocessing = 0;
		};
/* End PBXSourcesBuildPhase section */

/* Begin PBXTargetDependency section */
		4C1E37512B9E8D800038E7DC /* PBXTargetDependency */ = {
			isa = PBXTargetDependency;
			target = 4C1E373E2B9E8D7F0038E7DC /* JobHoppr */;
			targetProxy = 4C1E37502B9E8D800038E7DC /* PBXContainerItemProxy */;
		};
		4C1E375B2B9E8D800038E7DC /* PBXTargetDependency */ = {
			isa = PBXTargetDependency;
			target = 4C1E373E2B9E8D7F0038E7DC /* JobHoppr */;
			targetProxy = 4C1E375A2B9E8D800038E7DC /* PBXContainerItemProxy */;
		};
/* End PBXTargetDependency section */

/* Begin XCBuildConfiguration section */
		4C1E37612B9E8D800038E7DC /* Debug */ = {
			isa = XCBuildConfiguration;
			buildSettings = {
				ALWAYS_SEARCH_USER_PATHS = NO;
				ASSETCATALOG_COMPILER_GENERATE_SWIFT_ASSET_SYMBOL_EXTENSIONS = YES;
				CLANG_ANALYZER_NONNULL = YES;
				CLANG_ANALYZER_NUMBER_OBJECT_CONVERSION = YES_AGGRESSIVE;
				CLANG_CXX_LANGUAGE_STANDARD = "gnu++20";
				CLANG_ENABLE_MODULES = YES;
				CLANG_ENABLE_OBJC_ARC = YES;
				CLANG_ENABLE_OBJC_WEAK = YES;
				CLANG_WARN_BLOCK_CAPTURE_AUTORELEASING = YES;
				CLANG_WARN_BOOL_CONVERSION = YES;
				CLANG_WARN_COMMA = YES;
				CLANG_WARN_CONSTANT_CONVERSION = YES;
				CLANG_WARN_DEPRECATED_OBJC_IMPLEMENTATIONS = YES;
				CLANG_WARN_DIRECT_OBJC_ISA_USAGE = YES_ERROR;
				CLANG_WARN_DOCUMENTATION_COMMENTS = YES;
				CLANG_WARN_EMPTY_BODY = YES;
				CLANG_WARN_ENUM_CONVERSION = YES;
				CLANG_WARN_INFINITE_RECURSION = YES;
				CLANG_WARN_INT_CONVERSION = YES;
				CLANG_WARN_NON_LITERAL_NULL_CONVERSION = YES;
				CLANG_WARN_OBJC_IMPLICIT_RETAIN_SELF = YES;
				CLANG_WARN_OBJC_LITERAL_CONVERSION = YES;
				CLANG_WARN_OBJC_ROOT_CLASS = YES_ERROR;
				CLANG_WARN_QUOTED_INCLUDE_IN_FRAMEWORK_HEADER = YES;
				CLANG_WARN_RANGE_LOOP_ANALYSIS = YES;
				CLANG_WARN_STRICT_PROTOTYPES = YES;
				CLANG_WARN_SUSPICIOUS_MOVE = YES;
				CLANG_WARN_UNGUARDED_AVAILABILITY = YES_AGGRESSIVE;
				CLANG_WARN_UNREACHABLE_CODE = YES;
				CLANG_WARN__DUPLICATE_METHOD_MATCH = YES;
				COPY_PHASE_STRIP = NO;
				DEBUG_INFORMATION_FORMAT = dwarf;
				ENABLE_STRICT_OBJC_MSGSEND = YES;
				ENABLE_TESTABILITY = YES;
				ENABLE_USER_SCRIPT_SANDBOXING = YES;
				GCC_C_LANGUAGE_STANDARD = gnu17;
				GCC_DYNAMIC_NO_PIC = NO;
				GCC_NO_COMMON_BLOCKS = YES;
				GCC_OPTIMIZATION_LEVEL = 0;
				GCC_PREPROCESSOR_DEFINITIONS = (
					"DEBUG=1",
					"$(inherited)",
				);
				GCC_WARN_64_TO_32_BIT_CONVERSION = YES;
				GCC_WARN_ABOUT_RETURN_TYPE = YES_ERROR;
				GCC_WARN_UNDECLARED_SELECTOR = YES;
				GCC_WARN_UNINITIALIZED_AUTOS = YES_AGGRESSIVE;
				GCC_WARN_UNUSED_FUNCTION = YES;
				GCC_WARN_UNUSED_VARIABLE = YES;
				IPHONEOS_DEPLOYMENT_TARGET = 17.0;
				LOCALIZATION_PREFERS_STRING_CATALOGS = YES;
				MTL_ENABLE_DEBUG_INFO = INCLUDE_SOURCE;
				MTL_FAST_MATH = YES;
				ONLY_ACTIVE_ARCH = YES;
				SDKROOT = iphoneos;
				SWIFT_ACTIVE_COMPILATION_CONDITIONS = "DEBUG $(inherited)";
				SWIFT_OPTIMIZATION_LEVEL = "-Onone";
			};
			name = Debug;
		};
		4C1E37622B9E8D800038E7DC /* Release */ = {
			isa = XCBuildConfiguration;
			buildSettings = {
				ALWAYS_SEARCH_USER_PATHS = NO;
				ASSETCATALOG_COMPILER_GENERATE_SWIFT_ASSET_SYMBOL_EXTENSIONS = YES;
				CLANG_ANALYZER_NONNULL = YES;
				CLANG_ANALYZER_NUMBER_OBJECT_CONVERSION = YES_AGGRESSIVE;
				CLANG_CXX_LANGUAGE_STANDARD = "gnu++20";
				CLANG_ENABLE_MODULES = YES;
				CLANG_ENABLE_OBJC_ARC = YES;
				CLANG_ENABLE_OBJC_WEAK = YES;
				CLANG_WARN_BLOCK_CAPTURE_AUTORELEASING = YES;
				CLANG_WARN_BOOL_CONVERSION = YES;
				CLANG_WARN_COMMA = YES;
				CLANG_WARN_CONSTANT_CONVERSION = YES;
				CLANG_WARN_DEPRECATED_OBJC_IMPLEMENTATIONS = YES;
				CLANG_WARN_DIRECT_OBJC_ISA_USAGE = YES_ERROR;
				CLANG_WARN_DOCUMENTATION_COMMENTS = YES;
				CLANG_WARN_EMPTY_BODY = YES;
				CLANG_WARN_ENUM_CONVERSION = YES;
				CLANG_WARN_INFINITE_RECURSION = YES;
				CLANG_WARN_INT_CONVERSION = YES;
				CLANG_WARN_NON_LITERAL_NULL_CONVERSION = YES;
				CLANG_WARN_OBJC_IMPLICIT_RETAIN_SELF = YES;
				CLANG_WARN_OBJC_LITERAL_CONVERSION = YES;
				CLANG_WARN_OBJC_ROOT_CLASS = YES_ERROR;
				CLANG_WARN_QUOTED_INCLUDE_IN_FRAMEWORK_HEADER = YES;
				CLANG_WARN_RANGE_LOOP_ANALYSIS = YES;
				CLANG_WARN_STRICT_PROTOTYPES = YES;
				CLANG_WARN_SUSPICIOUS_MOVE = YES;
				CLANG_WARN_UNGUARDED_AVAILABILITY = YES_AGGRESSIVE;
				CLANG_WARN_UNREACHABLE_CODE = YES;
				CLANG_WARN__DUPLICATE_METHOD_MATCH = YES;
				COPY_PHASE_STRIP = NO;
				DEBUG_INFORMATION_FORMAT = "dwarf-with-dsym";
				ENABLE_NS_ASSERTIONS = NO;
				ENABLE_STRICT_OBJC_MSGSEND = YES;
				ENABLE_USER_SCRIPT_SANDBOXING = YES;
				GCC_C_LANGUAGE_STANDARD = gnu17;
				GCC_NO_COMMON_BLOCKS = YES;
				GCC_WARN_64_TO_32_BIT_CONVERSION = YES;
				GCC_WARN_ABOUT_RETURN_TYPE = YES_ERROR;
				GCC_WARN_UNDECLARED_SELECTOR = YES;
				GCC_WARN_UNINITIALIZED_AUTOS = YES_AGGRESSIVE;
				GCC_WARN_UNUSED_FUNCTION = YES;
				GCC_WARN_UNUSED_VARIABLE = YES;
				IPHONEOS_DEPLOYMENT_TARGET = 17.0;
				LOCALIZATION_PREFERS_STRING_CATALOGS = YES;
				MTL_ENABLE_DEBUG_INFO = NO;
				MTL_FAST_MATH = YES;
				SDKROOT = iphoneos;
				SWIFT_COMPILATION_MODE = wholemodule;
				VALIDATE_PRODUCT = YES;
			};
			name = Release;
		};
		4C1E37642B9E8D800038E7DC /* Debug */ = {
			isa = XCBuildConfiguration;
			buildSettings = {
				ASSETCATALOG_COMPILER_APPICON_NAME = AppIcon;
				ASSETCATALOG_COMPILER_GLOBAL_ACCENT_COLOR_NAME = AccentColor;
				CODE_SIGN_STYLE = Automatic;
				CURRENT_PROJECT_VERSION = 1;
				DEVELOPMENT_ASSET_PATHS = "\"JobHoppr/Preview Content\"";
				DEVELOPMENT_TEAM = 3ZLX8VSJT3;
				ENABLE_PREVIEWS = YES;
				GENERATE_INFOPLIST_FILE = YES;
				INFOPLIST_FILE = JobHoppr/Info.plist;
				INFOPLIST_KEY_UIApplicationSceneManifest_Generation = YES;
				INFOPLIST_KEY_UIApplicationSupportsIndirectInputEvents = YES;
				INFOPLIST_KEY_UILaunchScreen_Generation = YES;
				INFOPLIST_KEY_UISupportedInterfaceOrientations = UIInterfaceOrientationPortrait;
				INFOPLIST_KEY_UISupportedInterfaceOrientations_iPad = "UIInterfaceOrientationLandscapeLeft UIInterfaceOrientationLandscapeRight UIInterfaceOrientationPortrait UIInterfaceOrientationPortraitUpsideDown";
				LD_RUNPATH_SEARCH_PATHS = (
					"$(inherited)",
					"@executable_path/Frameworks",
				);
				MARKETING_VERSION = 1.0;
				PRODUCT_BUNDLE_IDENTIFIER = com.jbm.JobHoppr;
				PRODUCT_NAME = "$(TARGET_NAME)";
				SWIFT_EMIT_LOC_STRINGS = YES;
				SWIFT_VERSION = 5.0;
				TARGETED_DEVICE_FAMILY = "1,2";
			};
			name = Debug;
		};
		4C1E37652B9E8D800038E7DC /* Release */ = {
			isa = XCBuildConfiguration;
			buildSettings = {
				ASSETCATALOG_COMPILER_APPICON_NAME = AppIcon;
				ASSETCATALOG_COMPILER_GLOBAL_ACCENT_COLOR_NAME = AccentColor;
				CODE_SIGN_STYLE = Automatic;
				CURRENT_PROJECT_VERSION = 1;
				DEVELOPMENT_ASSET_PATHS = "\"JobHoppr/Preview Content\"";
				DEVELOPMENT_TEAM = 3ZLX8VSJT3;
				ENABLE_PREVIEWS = YES;
				GENERATE_INFOPLIST_FILE = YES;
				INFOPLIST_FILE = JobHoppr/Info.plist;
				INFOPLIST_KEY_UIApplicationSceneManifest_Generation = YES;
				INFOPLIST_KEY_UIApplicationSupportsIndirectInputEvents = YES;
				INFOPLIST_KEY_UILaunchScreen_Generation = YES;
				INFOPLIST_KEY_UISupportedInterfaceOrientations = UIInterfaceOrientationPortrait;
				INFOPLIST_KEY_UISupportedInterfaceOrientations_iPad = "UIInterfaceOrientationLandscapeLeft UIInterfaceOrientationLandscapeRight UIInterfaceOrientationPortrait UIInterfaceOrientationPortraitUpsideDown";
				LD_RUNPATH_SEARCH_PATHS = (
					"$(inherited)",
					"@executable_path/Frameworks",
				);
				MARKETING_VERSION = 1.0;
				PRODUCT_BUNDLE_IDENTIFIER = com.jbm.JobHoppr;
				PRODUCT_NAME = "$(TARGET_NAME)";
				SWIFT_EMIT_LOC_STRINGS = YES;
				SWIFT_VERSION = 5.0;
				TARGETED_DEVICE_FAMILY = "1,2";
			};
			name = Release;
		};
		4C1E37672B9E8D800038E7DC /* Debug */ = {
			isa = XCBuildConfiguration;
			buildSettings = {
				ALWAYS_EMBED_SWIFT_STANDARD_LIBRARIES = YES;
				BUNDLE_LOADER = "$(TEST_HOST)";
				CODE_SIGN_STYLE = Automatic;
				CURRENT_PROJECT_VERSION = 1;
				DEVELOPMENT_TEAM = 3ZLX8VSJT3;
				GENERATE_INFOPLIST_FILE = YES;
				IPHONEOS_DEPLOYMENT_TARGET = 17.0;
				MARKETING_VERSION = 1.0;
				PRODUCT_BUNDLE_IDENTIFIER = com.jbm.JobHopprTests;
				PRODUCT_NAME = "$(TARGET_NAME)";
				SWIFT_EMIT_LOC_STRINGS = NO;
				SWIFT_VERSION = 5.0;
				TARGETED_DEVICE_FAMILY = "1,2";
				TEST_HOST = "$(BUILT_PRODUCTS_DIR)/JobHoppr.app/$(BUNDLE_EXECUTABLE_FOLDER_PATH)/JobHoppr";
			};
			name = Debug;
		};
		4C1E37682B9E8D800038E7DC /* Release */ = {
			isa = XCBuildConfiguration;
			buildSettings = {
				ALWAYS_EMBED_SWIFT_STANDARD_LIBRARIES = YES;
				BUNDLE_LOADER = "$(TEST_HOST)";
				CODE_SIGN_STYLE = Automatic;
				CURRENT_PROJECT_VERSION = 1;
				DEVELOPMENT_TEAM = 3ZLX8VSJT3;
				GENERATE_INFOPLIST_FILE = YES;
				IPHONEOS_DEPLOYMENT_TARGET = 17.0;
				MARKETING_VERSION = 1.0;
				PRODUCT_BUNDLE_IDENTIFIER = com.jbm.JobHopprTests;
				PRODUCT_NAME = "$(TARGET_NAME)";
				SWIFT_EMIT_LOC_STRINGS = NO;
				SWIFT_VERSION = 5.0;
				TARGETED_DEVICE_FAMILY = "1,2";
				TEST_HOST = "$(BUILT_PRODUCTS_DIR)/JobHoppr.app/$(BUNDLE_EXECUTABLE_FOLDER_PATH)/JobHoppr";
			};
			name = Release;
		};
		4C1E376A2B9E8D800038E7DC /* Debug */ = {
			isa = XCBuildConfiguration;
			buildSettings = {
				ALWAYS_EMBED_SWIFT_STANDARD_LIBRARIES = YES;
				CODE_SIGN_STYLE = Automatic;
				CURRENT_PROJECT_VERSION = 1;
				DEVELOPMENT_TEAM = 3ZLX8VSJT3;
				GENERATE_INFOPLIST_FILE = YES;
				MARKETING_VERSION = 1.0;
				PRODUCT_BUNDLE_IDENTIFIER = com.jbm.JobHopprUITests;
				PRODUCT_NAME = "$(TARGET_NAME)";
				SWIFT_EMIT_LOC_STRINGS = NO;
				SWIFT_VERSION = 5.0;
				TARGETED_DEVICE_FAMILY = "1,2";
				TEST_TARGET_NAME = JobHoppr;
			};
			name = Debug;
		};
		4C1E376B2B9E8D800038E7DC /* Release */ = {
			isa = XCBuildConfiguration;
			buildSettings = {
				ALWAYS_EMBED_SWIFT_STANDARD_LIBRARIES = YES;
				CODE_SIGN_STYLE = Automatic;
				CURRENT_PROJECT_VERSION = 1;
				DEVELOPMENT_TEAM = 3ZLX8VSJT3;
				GENERATE_INFOPLIST_FILE = YES;
				MARKETING_VERSION = 1.0;
				PRODUCT_BUNDLE_IDENTIFIER = com.jbm.JobHopprUITests;
				PRODUCT_NAME = "$(TARGET_NAME)";
				SWIFT_EMIT_LOC_STRINGS = NO;
				SWIFT_VERSION = 5.0;
				TARGETED_DEVICE_FAMILY = "1,2";
				TEST_TARGET_NAME = JobHoppr;
			};
			name = Release;
		};
/* End XCBuildConfiguration section */

/* Begin XCConfigurationList section */
		4C1E373A2B9E8D7F0038E7DC /* Build configuration list for PBXProject "JobHoppr" */ = {
			isa = XCConfigurationList;
			buildConfigurations = (
				4C1E37612B9E8D800038E7DC /* Debug */,
				4C1E37622B9E8D800038E7DC /* Release */,
			);
			defaultConfigurationIsVisible = 0;
			defaultConfigurationName = Release;
		};
		4C1E37632B9E8D800038E7DC /* Build configuration list for PBXNativeTarget "JobHoppr" */ = {
			isa = XCConfigurationList;
			buildConfigurations = (
				4C1E37642B9E8D800038E7DC /* Debug */,
				4C1E37652B9E8D800038E7DC /* Release */,
			);
			defaultConfigurationIsVisible = 0;
			defaultConfigurationName = Release;
		};
		4C1E37662B9E8D800038E7DC /* Build configuration list for PBXNativeTarget "JobHopprTests" */ = {
			isa = XCConfigurationList;
			buildConfigurations = (
				4C1E37672B9E8D800038E7DC /* Debug */,
				4C1E37682B9E8D800038E7DC /* Release */,
			);
			defaultConfigurationIsVisible = 0;
			defaultConfigurationName = Release;
		};
		4C1E37692B9E8D800038E7DC /* Build configuration list for PBXNativeTarget "JobHopprUITests" */ = {
			isa = XCConfigurationList;
			buildConfigurations = (
				4C1E376A2B9E8D800038E7DC /* Debug */,
				4C1E376B2B9E8D800038E7DC /* Release */,
			);
			defaultConfigurationIsVisible = 0;
			defaultConfigurationName = Release;
		};
/* End XCConfigurationList section */

/* Begin XCRemoteSwiftPackageReference section */
		4C18BF192BFAB22800A4F294 /* XCRemoteSwiftPackageReference "firebase-ios-sdk" */ = {
			isa = XCRemoteSwiftPackageReference;
			repositoryURL = "https://github.com/firebase/firebase-ios-sdk";
			requirement = {
				kind = upToNextMajorVersion;
				minimumVersion = 10.26.0;
			};
		};
/* End XCRemoteSwiftPackageReference section */

/* Begin XCSwiftPackageProductDependency section */
		4C18BF1A2BFAB22800A4F294 /* FirebaseAnalytics */ = {
			isa = XCSwiftPackageProductDependency;
			package = 4C18BF192BFAB22800A4F294 /* XCRemoteSwiftPackageReference "firebase-ios-sdk" */;
			productName = FirebaseAnalytics;
		};
		4C18BF1C2BFAB22800A4F294 /* FirebaseAuth */ = {
			isa = XCSwiftPackageProductDependency;
			package = 4C18BF192BFAB22800A4F294 /* XCRemoteSwiftPackageReference "firebase-ios-sdk" */;
			productName = FirebaseAuth;
		};
		4C18BF1E2BFAB22800A4F294 /* FirebaseCrashlytics */ = {
			isa = XCSwiftPackageProductDependency;
			package = 4C18BF192BFAB22800A4F294 /* XCRemoteSwiftPackageReference "firebase-ios-sdk" */;
			productName = FirebaseCrashlytics;
		};
		4C18BF202BFAB22800A4F294 /* FirebaseFirestore */ = {
			isa = XCSwiftPackageProductDependency;
			package = 4C18BF192BFAB22800A4F294 /* XCRemoteSwiftPackageReference "firebase-ios-sdk" */;
			productName = FirebaseFirestore;
		};
/* End XCSwiftPackageProductDependency section */
	};
	rootObject = 4C1E37372B9E8D7F0038E7DC /* Project object */;
}
